
Microsoft Visual Studio Solution File, Format Version 12.00
Project("{FAE04EC0-301F-11D3-BF4B-00C04F79EFBC}") = "ProyectoClaseQ4", "ProyectoClaseQ4\ProyectoClaseQ4.csproj", "{2A41CB1E-67CB-458D-8F08-9A2E00981A71}"
EndProject
Global
	GlobalSection(SolutionConfigurationPlatforms) = preSolution
		Debug|Any CPU = Debug|Any CPU
		Release|Any CPU = Release|Any CPU
	EndGlobalSection
	GlobalSection(ProjectConfigurationPlatforms) = postSolution
		{2A41CB1E-67CB-458D-8F08-9A2E00981A71}.Debug|Any CPU.ActiveCfg = Debug|Any CPU
		{2A41CB1E-67CB-458D-8F08-9A2E00981A71}.Debug|Any CPU.Build.0 = Debug|Any CPU
		{2A41CB1E-67CB-458D-8F08-9A2E00981A71}.Release|Any CPU.ActiveCfg = Release|Any CPU
		{2A41CB1E-67CB-458D-8F08-9A2E00981A71}.Release|Any CPU.Build.0 = Release|Any CPU
	EndGlobalSection
EndGlobal
